// !$*UTF8*$!
{
	archiveVersion = 1;
	classes = {
	};
	objectVersion = 48;
	objects = {

/* Begin PBXBuildFile section */
		101613752049589800286BFF /* AppDelegate.swift in Sources */ = {isa = PBXBuildFile; fileRef = 101613742049589800286BFF /* AppDelegate.swift */; };
		1016137A2049589800286BFF /* Main.storyboard in Resources */ = {isa = PBXBuildFile; fileRef = 101613782049589800286BFF /* Main.storyboard */; };
		1016137C2049589800286BFF /* Assets.xcassets in Resources */ = {isa = PBXBuildFile; fileRef = 1016137B2049589800286BFF /* Assets.xcassets */; };
		103077F0205971DE003D4C4D /* WeatherService.swift in Sources */ = {isa = PBXBuildFile; fileRef = 103077EF205971DE003D4C4D /* WeatherService.swift */; };
		105755B32059196200AD846E /* ManageDataBase.swift in Sources */ = {isa = PBXBuildFile; fileRef = 105755B22059196200AD846E /* ManageDataBase.swift */; };
		1079D1872059185600BE334A /* DetailsViewController.swift in Sources */ = {isa = PBXBuildFile; fileRef = 1079D1862059185500BE334A /* DetailsViewController.swift */; };
		108714B620591AA500FE0EC4 /* City.swift in Sources */ = {isa = PBXBuildFile; fileRef = 108714B520591AA500FE0EC4 /* City.swift */; };
		10AED1BE205ABCAD002D39E7 /* MapViewController.swift in Sources */ = {isa = PBXBuildFile; fileRef = 10AED1BD205ABCAD002D39E7 /* MapViewController.swift */; };
		10AED1C0205ACAE7002D39E7 /* CityMap.swift in Sources */ = {isa = PBXBuildFile; fileRef = 10AED1BF205ACAE7002D39E7 /* CityMap.swift */; };
		10AF881F205C1D430048DE28 /* SearchViewController.swift in Sources */ = {isa = PBXBuildFile; fileRef = 10AF881E205C18CB0048DE28 /* SearchViewController.swift */; };
		10AF8821205C1DBC0048DE28 /* CitiesTableViewController.swift in Sources */ = {isa = PBXBuildFile; fileRef = 10AF881D205C17D20048DE28 /* CitiesTableViewController.swift */; };
		10AF8827205C1EB80048DE28 /* NotificationCenter.framework in Frameworks */ = {isa = PBXBuildFile; fileRef = 10AED1CA205BFBAC002D39E7 /* NotificationCenter.framework */; };
		10AF882A205C1EB90048DE28 /* TodayViewController.swift in Sources */ = {isa = PBXBuildFile; fileRef = 10AF8829205C1EB90048DE28 /* TodayViewController.swift */; };
		10AF882D205C1EB90048DE28 /* MainInterface.storyboard in Resources */ = {isa = PBXBuildFile; fileRef = 10AF882B205C1EB90048DE28 /* MainInterface.storyboard */; };
		10AF8831205C1EB90048DE28 /* weatherExtension.appex in Embed App Extensions */ = {isa = PBXBuildFile; fileRef = 10AF8826205C1EB80048DE28 /* weatherExtension.appex */; settings = {ATTRIBUTES = (RemoveHeadersOnCopy, ); }; };
		10AF887B205FADB00048DE28 /* ManageDataBase.swift in Sources */ = {isa = PBXBuildFile; fileRef = 105755B22059196200AD846E /* ManageDataBase.swift */; };
		10AF887C205FADB30048DE28 /* City.swift in Sources */ = {isa = PBXBuildFile; fileRef = 108714B520591AA500FE0EC4 /* City.swift */; };
		10AF887D205FB0770048DE28 /* TodayViewController.swift in Sources */ = {isa = PBXBuildFile; fileRef = 10AF8829205C1EB90048DE28 /* TodayViewController.swift */; };
		10AF887F205FB1640048DE28 /* Book.swift in Sources */ = {isa = PBXBuildFile; fileRef = 10AF887E205FB1640048DE28 /* Book.swift */; };
		10AF8880205FB1770048DE28 /* Book.swift in Sources */ = {isa = PBXBuildFile; fileRef = 10AF887E205FB1640048DE28 /* Book.swift */; };
		81410E68A9A1E11ECE216A52 /* Pods_weatherExtension.framework in Frameworks */ = {isa = PBXBuildFile; fileRef = 7B70C558648138748D27E17C /* Pods_weatherExtension.framework */; };
		F19FFFE9781B1AF952FC7802 /* Pods_weatherApp.framework in Frameworks */ = {isa = PBXBuildFile; fileRef = DA0D16D062CCAD03F356E136 /* Pods_weatherApp.framework */; };
/* End PBXBuildFile section */

/* Begin PBXContainerItemProxy section */
		10AF882F205C1EB90048DE28 /* PBXContainerItemProxy */ = {
			isa = PBXContainerItemProxy;
			containerPortal = 101613692049589800286BFF /* Project object */;
			proxyType = 1;
			remoteGlobalIDString = 10AF8825205C1EB80048DE28;
			remoteInfo = weatherExtension;
		};
/* End PBXContainerItemProxy section */

/* Begin PBXCopyFilesBuildPhase section */
		10AED1D9205BFBAC002D39E7 /* Embed App Extensions */ = {
			isa = PBXCopyFilesBuildPhase;
			buildActionMask = 2147483647;
			dstPath = "";
			dstSubfolderSpec = 13;
			files = (
				10AF8831205C1EB90048DE28 /* weatherExtension.appex in Embed App Extensions */,
			);
			name = "Embed App Extensions";
			runOnlyForDeploymentPostprocessing = 0;
		};
/* End PBXCopyFilesBuildPhase section */

/* Begin PBXFileReference section */
		101613712049589800286BFF /* weatherApp.app */ = {isa = PBXFileReference; explicitFileType = wrapper.application; includeInIndex = 0; path = weatherApp.app; sourceTree = BUILT_PRODUCTS_DIR; };
		101613742049589800286BFF /* AppDelegate.swift */ = {isa = PBXFileReference; lastKnownFileType = sourcecode.swift; path = AppDelegate.swift; sourceTree = "<group>"; };
		101613792049589800286BFF /* Base */ = {isa = PBXFileReference; lastKnownFileType = file.storyboard; name = Base; path = Base.lproj/Main.storyboard; sourceTree = "<group>"; };
		1016137B2049589800286BFF /* Assets.xcassets */ = {isa = PBXFileReference; lastKnownFileType = folder.assetcatalog; path = Assets.xcassets; sourceTree = "<group>"; };
		101613802049589800286BFF /* Info.plist */ = {isa = PBXFileReference; lastKnownFileType = text.plist.xml; path = Info.plist; sourceTree = "<group>"; };
		103077EF205971DE003D4C4D /* WeatherService.swift */ = {isa = PBXFileReference; lastKnownFileType = sourcecode.swift; path = WeatherService.swift; sourceTree = "<group>"; };
		105755B22059196200AD846E /* ManageDataBase.swift */ = {isa = PBXFileReference; fileEncoding = 4; lastKnownFileType = sourcecode.swift; path = ManageDataBase.swift; sourceTree = "<group>"; };
		1079D1862059185500BE334A /* DetailsViewController.swift */ = {isa = PBXFileReference; fileEncoding = 4; lastKnownFileType = sourcecode.swift; path = DetailsViewController.swift; sourceTree = "<group>"; };
		108714B520591AA500FE0EC4 /* City.swift */ = {isa = PBXFileReference; fileEncoding = 4; lastKnownFileType = sourcecode.swift; path = City.swift; sourceTree = "<group>"; };
		10AED1BD205ABCAD002D39E7 /* MapViewController.swift */ = {isa = PBXFileReference; lastKnownFileType = sourcecode.swift; path = MapViewController.swift; sourceTree = "<group>"; };
		10AED1BF205ACAE7002D39E7 /* CityMap.swift */ = {isa = PBXFileReference; lastKnownFileType = sourcecode.swift; path = CityMap.swift; sourceTree = "<group>"; };
		10AED1CA205BFBAC002D39E7 /* NotificationCenter.framework */ = {isa = PBXFileReference; lastKnownFileType = wrapper.framework; name = NotificationCenter.framework; path = System/Library/Frameworks/NotificationCenter.framework; sourceTree = SDKROOT; };
		10AF881D205C17D20048DE28 /* CitiesTableViewController.swift */ = {isa = PBXFileReference; lastKnownFileType = sourcecode.swift; path = CitiesTableViewController.swift; sourceTree = "<group>"; };
		10AF881E205C18CB0048DE28 /* SearchViewController.swift */ = {isa = PBXFileReference; lastKnownFileType = sourcecode.swift; path = SearchViewController.swift; sourceTree = "<group>"; };
		10AF8826205C1EB80048DE28 /* weatherExtension.appex */ = {isa = PBXFileReference; explicitFileType = "wrapper.app-extension"; includeInIndex = 0; path = weatherExtension.appex; sourceTree = BUILT_PRODUCTS_DIR; };
		10AF8829205C1EB90048DE28 /* TodayViewController.swift */ = {isa = PBXFileReference; lastKnownFileType = sourcecode.swift; path = TodayViewController.swift; sourceTree = "<group>"; };
		10AF882C205C1EB90048DE28 /* Base */ = {isa = PBXFileReference; lastKnownFileType = file.storyboard; name = Base; path = Base.lproj/MainInterface.storyboard; sourceTree = "<group>"; };
		10AF882E205C1EB90048DE28 /* Info.plist */ = {isa = PBXFileReference; lastKnownFileType = text.plist.xml; path = Info.plist; sourceTree = "<group>"; };
		10AF887E205FB1640048DE28 /* Book.swift */ = {isa = PBXFileReference; lastKnownFileType = sourcecode.swift; path = Book.swift; sourceTree = "<group>"; };
		46DFA7A1F3A5064B8E9DBB60 /* Pods-weatherApp.debug.xcconfig */ = {isa = PBXFileReference; includeInIndex = 1; lastKnownFileType = text.xcconfig; name = "Pods-weatherApp.debug.xcconfig"; path = "Pods/Target Support Files/Pods-weatherApp/Pods-weatherApp.debug.xcconfig"; sourceTree = "<group>"; };
		72819A99FA8B3544A5B40E9C /* Pods-weatherApp.release.xcconfig */ = {isa = PBXFileReference; includeInIndex = 1; lastKnownFileType = text.xcconfig; name = "Pods-weatherApp.release.xcconfig"; path = "Pods/Target Support Files/Pods-weatherApp/Pods-weatherApp.release.xcconfig"; sourceTree = "<group>"; };
		7B70C558648138748D27E17C /* Pods_weatherExtension.framework */ = {isa = PBXFileReference; explicitFileType = wrapper.framework; includeInIndex = 0; path = Pods_weatherExtension.framework; sourceTree = BUILT_PRODUCTS_DIR; };
		AE3A9ADDC288AAA5CB14A504 /* Pods-weatherExtension.debug.xcconfig */ = {isa = PBXFileReference; includeInIndex = 1; lastKnownFileType = text.xcconfig; name = "Pods-weatherExtension.debug.xcconfig"; path = "Pods/Target Support Files/Pods-weatherExtension/Pods-weatherExtension.debug.xcconfig"; sourceTree = "<group>"; };
		CFEA8375453398D41A5C306D /* Pods-weatherExtension.release.xcconfig */ = {isa = PBXFileReference; includeInIndex = 1; lastKnownFileType = text.xcconfig; name = "Pods-weatherExtension.release.xcconfig"; path = "Pods/Target Support Files/Pods-weatherExtension/Pods-weatherExtension.release.xcconfig"; sourceTree = "<group>"; };
		DA0D16D062CCAD03F356E136 /* Pods_weatherApp.framework */ = {isa = PBXFileReference; explicitFileType = wrapper.framework; includeInIndex = 0; path = Pods_weatherApp.framework; sourceTree = BUILT_PRODUCTS_DIR; };
/* End PBXFileReference section */

/* Begin PBXFrameworksBuildPhase section */
		1016136E2049589800286BFF /* Frameworks */ = {
			isa = PBXFrameworksBuildPhase;
			buildActionMask = 2147483647;
			files = (
				F19FFFE9781B1AF952FC7802 /* Pods_weatherApp.framework in Frameworks */,
			);
			runOnlyForDeploymentPostprocessing = 0;
		};
		10AF8823205C1EB80048DE28 /* Frameworks */ = {
			isa = PBXFrameworksBuildPhase;
			buildActionMask = 2147483647;
			files = (
				10AF8827205C1EB80048DE28 /* NotificationCenter.framework in Frameworks */,
				81410E68A9A1E11ECE216A52 /* Pods_weatherExtension.framework in Frameworks */,
			);
			runOnlyForDeploymentPostprocessing = 0;
		};
/* End PBXFrameworksBuildPhase section */

/* Begin PBXGroup section */
		101613682049589800286BFF = {
			isa = PBXGroup;
			children = (
				101613732049589800286BFF /* weatherApp */,
				10AF8828205C1EB80048DE28 /* weatherExtension */,
				101613722049589800286BFF /* Products */,
				73D471A411D72DF5AAE880A0 /* Pods */,
				99FDDD2FA96231817A5D2381 /* Frameworks */,
			);
			sourceTree = "<group>";
		};
		101613722049589800286BFF /* Products */ = {
			isa = PBXGroup;
			children = (
				101613712049589800286BFF /* weatherApp.app */,
				10AF8826205C1EB80048DE28 /* weatherExtension.appex */,
			);
			name = Products;
			sourceTree = "<group>";
		};
		101613732049589800286BFF /* weatherApp */ = {
			isa = PBXGroup;
			children = (
				103077EE205971BD003D4C4D /* Service */,
				108714BE20591D2300FE0EC4 /* DB */,
				108714BD20591CD600FE0EC4 /* Model */,
				108714B820591B0300FE0EC4 /* ViewController */,
				101613782049589800286BFF /* Main.storyboard */,
				1016137B2049589800286BFF /* Assets.xcassets */,
				101613802049589800286BFF /* Info.plist */,
				101613742049589800286BFF /* AppDelegate.swift */,
				10AF887E205FB1640048DE28 /* Book.swift */,
			);
			path = weatherApp;
			sourceTree = "<group>";
		};
		103077EE205971BD003D4C4D /* Service */ = {
			isa = PBXGroup;
			children = (
				103077EF205971DE003D4C4D /* WeatherService.swift */,
			);
			path = Service;
			sourceTree = "<group>";
		};
		108714B820591B0300FE0EC4 /* ViewController */ = {
			isa = PBXGroup;
			children = (
				10AF881E205C18CB0048DE28 /* SearchViewController.swift */,
				10AF881D205C17D20048DE28 /* CitiesTableViewController.swift */,
				10AED1BD205ABCAD002D39E7 /* MapViewController.swift */,
				1079D1862059185500BE334A /* DetailsViewController.swift */,
			);
			path = ViewController;
			sourceTree = "<group>";
		};
		108714BD20591CD600FE0EC4 /* Model */ = {
			isa = PBXGroup;
			children = (
				10AED1BF205ACAE7002D39E7 /* CityMap.swift */,
				108714B520591AA500FE0EC4 /* City.swift */,
			);
			path = Model;
			sourceTree = "<group>";
		};
		108714BE20591D2300FE0EC4 /* DB */ = {
			isa = PBXGroup;
			children = (
				105755B22059196200AD846E /* ManageDataBase.swift */,
			);
			path = DB;
			sourceTree = "<group>";
		};
		10AF8828205C1EB80048DE28 /* weatherExtension */ = {
			isa = PBXGroup;
			children = (
				10AF8829205C1EB90048DE28 /* TodayViewController.swift */,
				10AF882B205C1EB90048DE28 /* MainInterface.storyboard */,
				10AF882E205C1EB90048DE28 /* Info.plist */,
			);
			path = weatherExtension;
			sourceTree = "<group>";
		};
		73D471A411D72DF5AAE880A0 /* Pods */ = {
			isa = PBXGroup;
			children = (
				46DFA7A1F3A5064B8E9DBB60 /* Pods-weatherApp.debug.xcconfig */,
				72819A99FA8B3544A5B40E9C /* Pods-weatherApp.release.xcconfig */,
				AE3A9ADDC288AAA5CB14A504 /* Pods-weatherExtension.debug.xcconfig */,
				CFEA8375453398D41A5C306D /* Pods-weatherExtension.release.xcconfig */,
			);
			name = Pods;
			sourceTree = "<group>";
		};
		99FDDD2FA96231817A5D2381 /* Frameworks */ = {
			isa = PBXGroup;
			children = (
				DA0D16D062CCAD03F356E136 /* Pods_weatherApp.framework */,
				10AED1CA205BFBAC002D39E7 /* NotificationCenter.framework */,
				7B70C558648138748D27E17C /* Pods_weatherExtension.framework */,
			);
			name = Frameworks;
			sourceTree = "<group>";
		};
/* End PBXGroup section */

/* Begin PBXNativeTarget section */
		101613702049589800286BFF /* weatherApp */ = {
			isa = PBXNativeTarget;
			buildConfigurationList = 101613832049589800286BFF /* Build configuration list for PBXNativeTarget "weatherApp" */;
			buildPhases = (
				BE89DEB0CB9BC7A90E9F1660 /* [CP] Check Pods Manifest.lock */,
				1016136D2049589800286BFF /* Sources */,
				1016136E2049589800286BFF /* Frameworks */,
				1016136F2049589800286BFF /* Resources */,
				F7D7A544A73E1B17F6A21737 /* [CP] Embed Pods Frameworks */,
				49624534F17E41E71C65E202 /* [CP] Copy Pods Resources */,
				10AED1D9205BFBAC002D39E7 /* Embed App Extensions */,
			);
			buildRules = (
			);
			dependencies = (
				10AF8830205C1EB90048DE28 /* PBXTargetDependency */,
			);
			name = weatherApp;
			productName = weatherApp;
			productReference = 101613712049589800286BFF /* weatherApp.app */;
			productType = "com.apple.product-type.application";
		};
		10AF8825205C1EB80048DE28 /* weatherExtension */ = {
			isa = PBXNativeTarget;
			buildConfigurationList = 10AF8832205C1EB90048DE28 /* Build configuration list for PBXNativeTarget "weatherExtension" */;
			buildPhases = (
				09D4946E0E5853CA290A710E /* [CP] Check Pods Manifest.lock */,
				10AF8822205C1EB80048DE28 /* Sources */,
				10AF8823205C1EB80048DE28 /* Frameworks */,
				10AF8824205C1EB80048DE28 /* Resources */,
				26B69D43F6F8995A030E4F68 /* [CP] Copy Pods Resources */,
			);
			buildRules = (
			);
			dependencies = (
			);
			name = weatherExtension;
			productName = weatherExtension;
			productReference = 10AF8826205C1EB80048DE28 /* weatherExtension.appex */;
			productType = "com.apple.product-type.app-extension";
		};
/* End PBXNativeTarget section */

/* Begin PBXProject section */
		101613692049589800286BFF /* Project object */ = {
			isa = PBXProject;
			attributes = {
				LastSwiftUpdateCheck = 0900;
				LastUpgradeCheck = 0900;
				ORGANIZATIONNAME = "Ahassouni, Nadia";
				TargetAttributes = {
					101613702049589800286BFF = {
						CreatedOnToolsVersion = 9.0;
						SystemCapabilities = {
							com.apple.ApplicationGroups.iOS = {
								enabled = 0;
							};
						};
					};
					10AF8825205C1EB80048DE28 = {
						CreatedOnToolsVersion = 9.0;
						SystemCapabilities = {
							com.apple.ApplicationGroups.iOS = {
								enabled = 0;
							};
						};
					};
				};
			};
			buildConfigurationList = 1016136C2049589800286BFF /* Build configuration list for PBXProject "weatherApp" */;
			compatibilityVersion = "Xcode 8.0";
			developmentRegion = en;
			hasScannedForEncodings = 0;
			knownRegions = (
				en,
				Base,
			);
			mainGroup = 101613682049589800286BFF;
			productRefGroup = 101613722049589800286BFF /* Products */;
			projectDirPath = "";
			projectRoot = "";
			targets = (
				101613702049589800286BFF /* weatherApp */,
				10AF8825205C1EB80048DE28 /* weatherExtension */,
			);
		};
/* End PBXProject section */

/* Begin PBXResourcesBuildPhase section */
		1016136F2049589800286BFF /* Resources */ = {
			isa = PBXResourcesBuildPhase;
			buildActionMask = 2147483647;
			files = (
				1016137C2049589800286BFF /* Assets.xcassets in Resources */,
				1016137A2049589800286BFF /* Main.storyboard in Resources */,
			);
			runOnlyForDeploymentPostprocessing = 0;
		};
		10AF8824205C1EB80048DE28 /* Resources */ = {
			isa = PBXResourcesBuildPhase;
			buildActionMask = 2147483647;
			files = (
				10AF882D205C1EB90048DE28 /* MainInterface.storyboard in Resources */,
			);
			runOnlyForDeploymentPostprocessing = 0;
		};
/* End PBXResourcesBuildPhase section */

/* Begin PBXShellScriptBuildPhase section */
		09D4946E0E5853CA290A710E /* [CP] Check Pods Manifest.lock */ = {
			isa = PBXShellScriptBuildPhase;
			buildActionMask = 2147483647;
			files = (
			);
			inputPaths = (
				"${PODS_PODFILE_DIR_PATH}/Podfile.lock",
				"${PODS_ROOT}/Manifest.lock",
			);
			name = "[CP] Check Pods Manifest.lock";
			outputPaths = (
				"$(DERIVED_FILE_DIR)/Pods-weatherExtension-checkManifestLockResult.txt",
			);
			runOnlyForDeploymentPostprocessing = 0;
			shellPath = /bin/sh;
			shellScript = "diff \"${PODS_PODFILE_DIR_PATH}/Podfile.lock\" \"${PODS_ROOT}/Manifest.lock\" > /dev/null\nif [ $? != 0 ] ; then\n    # print error to STDERR\n    echo \"error: The sandbox is not in sync with the Podfile.lock. Run 'pod install' or update your CocoaPods installation.\" >&2\n    exit 1\nfi\n# This output is used by Xcode 'outputs' to avoid re-running this script phase.\necho \"SUCCESS\" > \"${SCRIPT_OUTPUT_FILE_0}\"\n";
			showEnvVarsInLog = 0;
		};
		26B69D43F6F8995A030E4F68 /* [CP] Copy Pods Resources */ = {
			isa = PBXShellScriptBuildPhase;
			buildActionMask = 2147483647;
			files = (
			);
			inputPaths = (
			);
			name = "[CP] Copy Pods Resources";
			outputPaths = (
			);
			runOnlyForDeploymentPostprocessing = 0;
			shellPath = /bin/sh;
			shellScript = "\"${SRCROOT}/Pods/Target Support Files/Pods-weatherExtension/Pods-weatherExtension-resources.sh\"\n";
			showEnvVarsInLog = 0;
		};
		49624534F17E41E71C65E202 /* [CP] Copy Pods Resources */ = {
			isa = PBXShellScriptBuildPhase;
			buildActionMask = 2147483647;
			files = (
			);
			inputPaths = (
			);
			name = "[CP] Copy Pods Resources";
			outputPaths = (
			);
			runOnlyForDeploymentPostprocessing = 0;
			shellPath = /bin/sh;
			shellScript = "\"${SRCROOT}/Pods/Target Support Files/Pods-weatherApp/Pods-weatherApp-resources.sh\"\n";
			showEnvVarsInLog = 0;
		};
		BE89DEB0CB9BC7A90E9F1660 /* [CP] Check Pods Manifest.lock */ = {
			isa = PBXShellScriptBuildPhase;
			buildActionMask = 2147483647;
			files = (
			);
			inputPaths = (
				"${PODS_PODFILE_DIR_PATH}/Podfile.lock",
				"${PODS_ROOT}/Manifest.lock",
			);
			name = "[CP] Check Pods Manifest.lock";
			outputPaths = (
				"$(DERIVED_FILE_DIR)/Pods-weatherApp-checkManifestLockResult.txt",
			);
			runOnlyForDeploymentPostprocessing = 0;
			shellPath = /bin/sh;
			shellScript = "diff \"${PODS_PODFILE_DIR_PATH}/Podfile.lock\" \"${PODS_ROOT}/Manifest.lock\" > /dev/null\nif [ $? != 0 ] ; then\n    # print error to STDERR\n    echo \"error: The sandbox is not in sync with the Podfile.lock. Run 'pod install' or update your CocoaPods installation.\" >&2\n    exit 1\nfi\n# This output is used by Xcode 'outputs' to avoid re-running this script phase.\necho \"SUCCESS\" > \"${SCRIPT_OUTPUT_FILE_0}\"\n";
			showEnvVarsInLog = 0;
		};
		F7D7A544A73E1B17F6A21737 /* [CP] Embed Pods Frameworks */ = {
			isa = PBXShellScriptBuildPhase;
			buildActionMask = 2147483647;
			files = (
			);
			inputPaths = (
				"${SRCROOT}/Pods/Target Support Files/Pods-weatherApp/Pods-weatherApp-frameworks.sh",
				"${BUILT_PRODUCTS_DIR}/Realm/Realm.framework",
				"${BUILT_PRODUCTS_DIR}/RealmSwift/RealmSwift.framework",
			);
			name = "[CP] Embed Pods Frameworks";
			outputPaths = (
				"${TARGET_BUILD_DIR}/${FRAMEWORKS_FOLDER_PATH}/Realm.framework",
				"${TARGET_BUILD_DIR}/${FRAMEWORKS_FOLDER_PATH}/RealmSwift.framework",
			);
			runOnlyForDeploymentPostprocessing = 0;
			shellPath = /bin/sh;
			shellScript = "\"${SRCROOT}/Pods/Target Support Files/Pods-weatherApp/Pods-weatherApp-frameworks.sh\"\n";
			showEnvVarsInLog = 0;
		};
/* End PBXShellScriptBuildPhase section */

/* Begin PBXSourcesBuildPhase section */
		1016136D2049589800286BFF /* Sources */ = {
			isa = PBXSourcesBuildPhase;
			buildActionMask = 2147483647;
			files = (
				103077F0205971DE003D4C4D /* WeatherService.swift in Sources */,
				101613752049589800286BFF /* AppDelegate.swift in Sources */,
				10AF887D205FB0770048DE28 /* TodayViewController.swift in Sources */,
				10AF887F205FB1640048DE28 /* Book.swift in Sources */,
				10AF8821205C1DBC0048DE28 /* CitiesTableViewController.swift in Sources */,
				10AF881F205C1D430048DE28 /* SearchViewController.swift in Sources */,
				10AED1C0205ACAE7002D39E7 /* CityMap.swift in Sources */,
				108714B620591AA500FE0EC4 /* City.swift in Sources */,
				105755B32059196200AD846E /* ManageDataBase.swift in Sources */,
				1079D1872059185600BE334A /* DetailsViewController.swift in Sources */,
				10AED1BE205ABCAD002D39E7 /* MapViewController.swift in Sources */,
			);
			runOnlyForDeploymentPostprocessing = 0;
		};
		10AF8822205C1EB80048DE28 /* Sources */ = {
			isa = PBXSourcesBuildPhase;
			buildActionMask = 2147483647;
			files = (
				10AF8880205FB1770048DE28 /* Book.swift in Sources */,
				10AF882A205C1EB90048DE28 /* TodayViewController.swift in Sources */,
				10AF887B205FADB00048DE28 /* ManageDataBase.swift in Sources */,
				10AF887C205FADB30048DE28 /* City.swift in Sources */,
			);
			runOnlyForDeploymentPostprocessing = 0;
		};
/* End PBXSourcesBuildPhase section */

/* Begin PBXTargetDependency section */
		10AF8830205C1EB90048DE28 /* PBXTargetDependency */ = {
			isa = PBXTargetDependency;
			target = 10AF8825205C1EB80048DE28 /* weatherExtension */;
			targetProxy = 10AF882F205C1EB90048DE28 /* PBXContainerItemProxy */;
		};
/* End PBXTargetDependency section */

/* Begin PBXVariantGroup section */
		101613782049589800286BFF /* Main.storyboard */ = {
			isa = PBXVariantGroup;
			children = (
				101613792049589800286BFF /* Base */,
			);
			name = Main.storyboard;
			sourceTree = "<group>";
		};
		10AF882B205C1EB90048DE28 /* MainInterface.storyboard */ = {
			isa = PBXVariantGroup;
			children = (
				10AF882C205C1EB90048DE28 /* Base */,
			);
			name = MainInterface.storyboard;
			sourceTree = "<group>";
		};
/* End PBXVariantGroup section */

/* Begin XCBuildConfiguration section */
		101613812049589800286BFF /* Debug */ = {
			isa = XCBuildConfiguration;
			buildSettings = {
				ALWAYS_SEARCH_USER_PATHS = NO;
				CLANG_ANALYZER_NONNULL = YES;
				CLANG_ANALYZER_NUMBER_OBJECT_CONVERSION = YES_AGGRESSIVE;
				CLANG_CXX_LANGUAGE_STANDARD = "gnu++14";
				CLANG_CXX_LIBRARY = "libc++";
				CLANG_ENABLE_MODULES = YES;
				CLANG_ENABLE_OBJC_ARC = YES;
				CLANG_WARN_BLOCK_CAPTURE_AUTORELEASING = YES;
				CLANG_WARN_BOOL_CONVERSION = YES;
				CLANG_WARN_COMMA = YES;
				CLANG_WARN_CONSTANT_CONVERSION = YES;
				CLANG_WARN_DIRECT_OBJC_ISA_USAGE = YES_ERROR;
				CLANG_WARN_DOCUMENTATION_COMMENTS = YES;
				CLANG_WARN_EMPTY_BODY = YES;
				CLANG_WARN_ENUM_CONVERSION = YES;
				CLANG_WARN_INFINITE_RECURSION = YES;
				CLANG_WARN_INT_CONVERSION = YES;
				CLANG_WARN_OBJC_ROOT_CLASS = YES_ERROR;
				CLANG_WARN_RANGE_LOOP_ANALYSIS = YES;
				CLANG_WARN_STRICT_PROTOTYPES = YES;
				CLANG_WARN_SUSPICIOUS_MOVE = YES;
				CLANG_WARN_UNGUARDED_AVAILABILITY = YES_AGGRESSIVE;
				CLANG_WARN_UNREACHABLE_CODE = YES;
				CLANG_WARN__DUPLICATE_METHOD_MATCH = YES;
				CODE_SIGN_IDENTITY = "iPhone Developer";
				COPY_PHASE_STRIP = NO;
				DEBUG_INFORMATION_FORMAT = dwarf;
				ENABLE_STRICT_OBJC_MSGSEND = YES;
				ENABLE_TESTABILITY = YES;
				GCC_C_LANGUAGE_STANDARD = gnu11;
				GCC_DYNAMIC_NO_PIC = NO;
				GCC_NO_COMMON_BLOCKS = YES;
				GCC_OPTIMIZATION_LEVEL = 0;
				GCC_PREPROCESSOR_DEFINITIONS = (
					"DEBUG=1",
					"$(inherited)",
				);
				GCC_WARN_64_TO_32_BIT_CONVERSION = YES;
				GCC_WARN_ABOUT_RETURN_TYPE = YES_ERROR;
				GCC_WARN_UNDECLARED_SELECTOR = YES;
				GCC_WARN_UNINITIALIZED_AUTOS = YES_AGGRESSIVE;
				GCC_WARN_UNUSED_FUNCTION = YES;
				GCC_WARN_UNUSED_VARIABLE = YES;
				IPHONEOS_DEPLOYMENT_TARGET = 11.0;
				MTL_ENABLE_DEBUG_INFO = YES;
				ONLY_ACTIVE_ARCH = YES;
				SDKROOT = iphoneos;
				SWIFT_ACTIVE_COMPILATION_CONDITIONS = DEBUG;
				SWIFT_OPTIMIZATION_LEVEL = "-Onone";
			};
			name = Debug;
		};
		101613822049589800286BFF /* Release */ = {
			isa = XCBuildConfiguration;
			buildSettings = {
				ALWAYS_SEARCH_USER_PATHS = NO;
				CLANG_ANALYZER_NONNULL = YES;
				CLANG_ANALYZER_NUMBER_OBJECT_CONVERSION = YES_AGGRESSIVE;
				CLANG_CXX_LANGUAGE_STANDARD = "gnu++14";
				CLANG_CXX_LIBRARY = "libc++";
				CLANG_ENABLE_MODULES = YES;
				CLANG_ENABLE_OBJC_ARC = YES;
				CLANG_WARN_BLOCK_CAPTURE_AUTORELEASING = YES;
				CLANG_WARN_BOOL_CONVERSION = YES;
				CLANG_WARN_COMMA = YES;
				CLANG_WARN_CONSTANT_CONVERSION = YES;
				CLANG_WARN_DIRECT_OBJC_ISA_USAGE = YES_ERROR;
				CLANG_WARN_DOCUMENTATION_COMMENTS = YES;
				CLANG_WARN_EMPTY_BODY = YES;
				CLANG_WARN_ENUM_CONVERSION = YES;
				CLANG_WARN_INFINITE_RECURSION = YES;
				CLANG_WARN_INT_CONVERSION = YES;
				CLANG_WARN_OBJC_ROOT_CLASS = YES_ERROR;
				CLANG_WARN_RANGE_LOOP_ANALYSIS = YES;
				CLANG_WARN_STRICT_PROTOTYPES = YES;
				CLANG_WARN_SUSPICIOUS_MOVE = YES;
				CLANG_WARN_UNGUARDED_AVAILABILITY = YES_AGGRESSIVE;
				CLANG_WARN_UNREACHABLE_CODE = YES;
				CLANG_WARN__DUPLICATE_METHOD_MATCH = YES;
				CODE_SIGN_IDENTITY = "iPhone Developer";
				COPY_PHASE_STRIP = NO;
				DEBUG_INFORMATION_FORMAT = "dwarf-with-dsym";
				ENABLE_NS_ASSERTIONS = NO;
				ENABLE_STRICT_OBJC_MSGSEND = YES;
				GCC_C_LANGUAGE_STANDARD = gnu11;
				GCC_NO_COMMON_BLOCKS = YES;
				GCC_WARN_64_TO_32_BIT_CONVERSION = YES;
				GCC_WARN_ABOUT_RETURN_TYPE = YES_ERROR;
				GCC_WARN_UNDECLARED_SELECTOR = YES;
				GCC_WARN_UNINITIALIZED_AUTOS = YES_AGGRESSIVE;
				GCC_WARN_UNUSED_FUNCTION = YES;
				GCC_WARN_UNUSED_VARIABLE = YES;
				IPHONEOS_DEPLOYMENT_TARGET = 11.0;
				MTL_ENABLE_DEBUG_INFO = NO;
				SDKROOT = iphoneos;
				SWIFT_OPTIMIZATION_LEVEL = "-Owholemodule";
				VALIDATE_PRODUCT = YES;
			};
			name = Release;
		};
		101613842049589800286BFF /* Debug */ = {
			isa = XCBuildConfiguration;
			baseConfigurationReference = 46DFA7A1F3A5064B8E9DBB60 /* Pods-weatherApp.debug.xcconfig */;
			buildSettings = {
				ALWAYS_EMBED_SWIFT_STANDARD_LIBRARIES = YES;
				ASSETCATALOG_COMPILER_APPICON_NAME = AppIcon;
				DEVELOPMENT_TEAM = 63QADM33SX;
				INFOPLIST_FILE = weatherApp/Info.plist;
				LD_RUNPATH_SEARCH_PATHS = "$(inherited) @executable_path/Frameworks";
				PRODUCT_BUNDLE_IDENTIFIER = test.weatherApp;
				PRODUCT_NAME = "$(TARGET_NAME)";
				SWIFT_VERSION = 4.0;
				TARGETED_DEVICE_FAMILY = "1,2";
			};
			name = Debug;
		};
		101613852049589800286BFF /* Release */ = {
			isa = XCBuildConfiguration;
			baseConfigurationReference = 72819A99FA8B3544A5B40E9C /* Pods-weatherApp.release.xcconfig */;
			buildSettings = {
				ALWAYS_EMBED_SWIFT_STANDARD_LIBRARIES = YES;
				ASSETCATALOG_COMPILER_APPICON_NAME = AppIcon;
				DEVELOPMENT_TEAM = 63QADM33SX;
				INFOPLIST_FILE = weatherApp/Info.plist;
				LD_RUNPATH_SEARCH_PATHS = "$(inherited) @executable_path/Frameworks";
				PRODUCT_BUNDLE_IDENTIFIER = test.weatherApp;
				PRODUCT_NAME = "$(TARGET_NAME)";
				SWIFT_VERSION = 4.0;
				TARGETED_DEVICE_FAMILY = "1,2";
			};
			name = Release;
		};
		10AF8833205C1EB90048DE28 /* Debug */ = {
			isa = XCBuildConfiguration;
			baseConfigurationReference = AE3A9ADDC288AAA5CB14A504 /* Pods-weatherExtension.debug.xcconfig */;
			buildSettings = {
				DEVELOPMENT_TEAM = 63QADM33SX;
				INFOPLIST_FILE = weatherExtension/Info.plist;
				LD_RUNPATH_SEARCH_PATHS = "$(inherited) @executable_path/Frameworks @executable_path/../../Frameworks";
				PRODUCT_BUNDLE_IDENTIFIER = test.weatherApp.weatherExtension;
				PRODUCT_NAME = "$(TARGET_NAME)";
				SKIP_INSTALL = YES;
				SWIFT_VERSION = 4.0;
				TARGETED_DEVICE_FAMILY = "1,2";
			};
			name = Debug;
		};
		10AF8834205C1EB90048DE28 /* Release */ = {
			isa = XCBuildConfiguration;
			baseConfigurationReference = CFEA8375453398D41A5C306D /* Pods-weatherExtension.release.xcconfig */;
			buildSettings = {
				DEVELOPMENT_TEAM = 63QADM33SX;
				INFOPLIST_FILE = weatherExtension/Info.plist;
				LD_RUNPATH_SEARCH_PATHS = "$(inherited) @executable_path/Frameworks @executable_path/../../Frameworks";
				PRODUCT_BUNDLE_IDENTIFIER = test.weatherApp.weatherExtension;
				PRODUCT_NAME = "$(TARGET_NAME)";
				SKIP_INSTALL = YES;
				SWIFT_VERSION = 4.0;
				TARGETED_DEVICE_FAMILY = "1,2";
			};
			name = Release;
		};
/* End XCBuildConfiguration section */

/* Begin XCConfigurationList section */
		1016136C2049589800286BFF /* Build configuration list for PBXProject "weatherApp" */ = {
			isa = XCConfigurationList;
			buildConfigurations = (
				101613812049589800286BFF /* Debug */,
				101613822049589800286BFF /* Release */,
			);
			defaultConfigurationIsVisible = 0;
			defaultConfigurationName = Release;
		};
		101613832049589800286BFF /* Build configuration list for PBXNativeTarget "weatherApp" */ = {
			isa = XCConfigurationList;
			buildConfigurations = (
				101613842049589800286BFF /* Debug */,
				101613852049589800286BFF /* Release */,
			);
			defaultConfigurationIsVisible = 0;
			defaultConfigurationName = Release;
		};
		10AF8832205C1EB90048DE28 /* Build configuration list for PBXNativeTarget "weatherExtension" */ = {
			isa = XCConfigurationList;
			buildConfigurations = (
				10AF8833205C1EB90048DE28 /* Debug */,
				10AF8834205C1EB90048DE28 /* Release */,
			);
			defaultConfigurationIsVisible = 0;
			defaultConfigurationName = Release;
		};
/* End XCConfigurationList section */
	};
	rootObject = 101613692049589800286BFF /* Project object */;
}
